
Microsoft Visual Studio Solution File, Format Version 12.00
# Visual Studio Version 16
VisualStudioVersion = 16.0.29102.190
MinimumVisualStudioVersion = 10.0.40219.1
Project("{FAE04EC0-301F-11D3-BF4B-00C04F79EFBC}") = "TX", "TX\TX.csproj", "{EAF8570C-800D-4EF1-AC49-03B50ED6918A}"
EndProject
Project("{FAE04EC0-301F-11D3-BF4B-00C04F79EFBC}") = "TestProject", "TestProject\TestProject.csproj", "{BE011469-C0BE-4C56-9758-CF7826124364}"
EndProject
Global
	GlobalSection(SolutionConfigurationPlatforms) = preSolution
		Debug|ARM = Debug|ARM
		Debug|ARM64 = Debug|ARM64
		Debug|x64 = Debug|x64
		Debug|x86 = Debug|x86
		Release|ARM = Release|ARM
		Release|ARM64 = Release|ARM64
		Release|x64 = Release|x64
		Release|x86 = Release|x86
	EndGlobalSection
	GlobalSection(ProjectConfigurationPlatforms) = postSolution
		{EAF8570C-800D-4EF1-AC49-03B50ED6918A}.Debug|ARM.ActiveCfg = Debug|ARM
		{EAF8570C-800D-4EF1-AC49-03B50ED6918A}.Debug|ARM.Build.0 = Debug|ARM
		{EAF8570C-800D-4EF1-AC49-03B50ED6918A}.Debug|ARM.Deploy.0 = Debug|ARM
		{EAF8570C-800D-4EF1-AC49-03B50ED6918A}.Debug|ARM64.ActiveCfg = Debug|x86
		{EAF8570C-800D-4EF1-AC49-03B50ED6918A}.Debug|x64.ActiveCfg = Debug|x64
		{EAF8570C-800D-4EF1-AC49-03B50ED6918A}.Debug|x64.Build.0 = Debug|x64
		{EAF8570C-800D-4EF1-AC49-03B50ED6918A}.Debug|x64.Deploy.0 = Debug|x64
		{EAF8570C-800D-4EF1-AC49-03B50ED6918A}.Debug|x86.ActiveCfg = Debug|x86
		{EAF8570C-800D-4EF1-AC49-03B50ED6918A}.Debug|x86.Build.0 = Debug|x86
		{EAF8570C-800D-4EF1-AC49-03B50ED6918A}.Debug|x86.Deploy.0 = Debug|x86
		{EAF8570C-800D-4EF1-AC49-03B50ED6918A}.Release|ARM.ActiveCfg = Release|ARM
		{EAF8570C-800D-4EF1-AC49-03B50ED6918A}.Release|ARM.Build.0 = Release|ARM
		{EAF8570C-800D-4EF1-AC49-03B50ED6918A}.Release|ARM.Deploy.0 = Release|ARM
		{EAF8570C-800D-4EF1-AC49-03B50ED6918A}.Release|ARM64.ActiveCfg = Release|x86
		{EAF8570C-800D-4EF1-AC49-03B50ED6918A}.Release|x64.ActiveCfg = Release|x64
		{EAF8570C-800D-4EF1-AC49-03B50ED6918A}.Release|x64.Build.0 = Release|x64
		{EAF8570C-800D-4EF1-AC49-03B50ED6918A}.Release|x64.Deploy.0 = Release|x64
		{EAF8570C-800D-4EF1-AC49-03B50ED6918A}.Release|x86.ActiveCfg = Release|x86
		{EAF8570C-800D-4EF1-AC49-03B50ED6918A}.Release|x86.Build.0 = Release|x86
		{EAF8570C-800D-4EF1-AC49-03B50ED6918A}.Release|x86.Deploy.0 = Release|x86
		{BE011469-C0BE-4C56-9758-CF7826124364}.Debug|ARM.ActiveCfg = Debug|ARM
		{BE011469-C0BE-4C56-9758-CF7826124364}.Debug|ARM.Build.0 = Debug|ARM
		{BE011469-C0BE-4C56-9758-CF7826124364}.Debug|ARM.Deploy.0 = Debug|ARM
		{BE011469-C0BE-4C56-9758-CF7826124364}.Debug|ARM64.ActiveCfg = Debug|ARM64
		{BE011469-C0BE-4C56-9758-CF7826124364}.Debug|ARM64.Build.0 = Debug|ARM64
		{BE011469-C0BE-4C56-9758-CF7826124364}.Debug|ARM64.Deploy.0 = Debug|ARM64
		{BE011469-C0BE-4C56-9758-CF7826124364}.Debug|x64.ActiveCfg = Debug|x64
		{BE011469-C0BE-4C56-9758-CF7826124364}.Debug|x64.Build.0 = Debug|x64
		{BE011469-C0BE-4C56-9758-CF7826124364}.Debug|x64.Deploy.0 = Debug|x64
		{BE011469-C0BE-4C56-9758-CF7826124364}.Debug|x86.ActiveCfg = Debug|x86
		{BE011469-C0BE-4C56-9758-CF7826124364}.Debug|x86.Build.0 = Debug|x86
		{BE011469-C0BE-4C56-9758-CF7826124364}.Debug|x86.Deploy.0 = Debug|x86
		{BE011469-C0BE-4C56-9758-CF7826124364}.Release|ARM.ActiveCfg = Release|ARM
		{BE011469-C0BE-4C56-9758-CF7826124364}.Release|ARM.Build.0 = Release|ARM
		{BE011469-C0BE-4C56-9758-CF7826124364}.Release|ARM.Deploy.0 = Release|ARM
		{BE011469-C0BE-4C56-9758-CF7826124364}.Release|ARM64.ActiveCfg = Release|ARM64
		{BE011469-C0BE-4C56-9758-CF7826124364}.Release|ARM64.Build.0 = Release|ARM64
		{BE011469-C0BE-4C56-9758-CF7826124364}.Release|ARM64.Deploy.0 = Release|ARM64
		{BE011469-C0BE-4C56-9758-CF7826124364}.Release|x64.ActiveCfg = Release|x64
		{BE011469-C0BE-4C56-9758-CF7826124364}.Release|x64.Build.0 = Release|x64
		{BE011469-C0BE-4C56-9758-CF7826124364}.Release|x64.Deploy.0 = Release|x64
		{BE011469-C0BE-4C56-9758-CF7826124364}.Release|x86.ActiveCfg = Release|x86
		{BE011469-C0BE-4C56-9758-CF7826124364}.Release|x86.Build.0 = Release|x86
		{BE011469-C0BE-4C56-9758-CF7826124364}.Release|x86.Deploy.0 = Release|x86
	EndGlobalSection
	GlobalSection(SolutionProperties) = preSolution
		HideSolutionNode = FALSE
	EndGlobalSection
	GlobalSection(ExtensibilityGlobals) = postSolution
		SolutionGuid = {498DC8F3-8D9B-4437-97DA-52CDC32AFDB8}
	EndGlobalSection
EndGlobal
